// !$*UTF8*$!
{
	archiveVersion = 1;
	classes = {
	};
	objectVersion = 48;
	objects = {

/* Begin PBXBuildFile section */
		F422FF7B206BC72300E19703 /* AppDelegate.swift in Sources */ = {isa = PBXBuildFile; fileRef = F422FF7A206BC72300E19703 /* AppDelegate.swift */; };
		F422FF7D206BC72300E19703 /* ViewController.swift in Sources */ = {isa = PBXBuildFile; fileRef = F422FF7C206BC72300E19703 /* ViewController.swift */; };
		F422FF80206BC72300E19703 /* Main.storyboard in Resources */ = {isa = PBXBuildFile; fileRef = F422FF7E206BC72300E19703 /* Main.storyboard */; };
		F422FF82206BC72300E19703 /* Assets.xcassets in Resources */ = {isa = PBXBuildFile; fileRef = F422FF81206BC72300E19703 /* Assets.xcassets */; };
		F422FF85206BC72300E19703 /* LaunchScreen.storyboard in Resources */ = {isa = PBXBuildFile; fileRef = F422FF83206BC72300E19703 /* LaunchScreen.storyboard */; };
		F422FF8D206BD32300E19703 /* uniqloViewController.swift in Sources */ = {isa = PBXBuildFile; fileRef = F422FF8C206BD32300E19703 /* uniqloViewController.swift */; };
/* End PBXBuildFile section */

/* Begin PBXFileReference section */
		F422FF77206BC72300E19703 /* uniqlo.app */ = {isa = PBXFileReference; explicitFileType = wrapper.application; includeInIndex = 0; path = uniqlo.app; sourceTree = BUILT_PRODUCTS_DIR; };
		F422FF7A206BC72300E19703 /* AppDelegate.swift */ = {isa = PBXFileReference; lastKnownFileType = sourcecode.swift; path = AppDelegate.swift; sourceTree = "<group>"; };
		F422FF7C206BC72300E19703 /* ViewController.swift */ = {isa = PBXFileReference; lastKnownFileType = sourcecode.swift; path = ViewController.swift; sourceTree = "<group>"; };
		F422FF7F206BC72300E19703 /* Base */ = {isa = PBXFileReference; lastKnownFileType = file.storyboard; name = Base; path = Base.lproj/Main.storyboard; sourceTree = "<group>"; };
		F422FF81206BC72300E19703 /* Assets.xcassets */ = {isa = PBXFileReference; lastKnownFileType = folder.assetcatalog; path = Assets.xcassets; sourceTree = "<group>"; };
		F422FF84206BC72300E19703 /* Base */ = {isa = PBXFileReference; lastKnownFileType = file.storyboard; name = Base; path = Base.lproj/LaunchScreen.storyboard; sourceTree = "<group>"; };
		F422FF86206BC72300E19703 /* Info.plist */ = {isa = PBXFileReference; lastKnownFileType = text.plist.xml; path = Info.plist; sourceTree = "<group>"; };
		F422FF8C206BD32300E19703 /* uniqloViewController.swift */ = {isa = PBXFileReference; lastKnownFileType = sourcecode.swift; path = uniqloViewController.swift; sourceTree = "<group>"; };
/* End PBXFileReference section */

/* Begin PBXFrameworksBuildPhase section */
		F422FF74206BC72300E19703 /* Frameworks */ = {
			isa = PBXFrameworksBuildPhase;
			buildActionMask = 2147483647;
			files = (
			);
			runOnlyForDeploymentPostprocessing = 0;
		};
/* End PBXFrameworksBuildPhase section */

/* Begin PBXGroup section */
		F422FF6E206BC72200E19703 = {
			isa = PBXGroup;
			children = (
				F422FF79206BC72300E19703 /* uniqlo */,
				F422FF78206BC72300E19703 /* Products */,
			);
			sourceTree = "<group>";
		};
		F422FF78206BC72300E19703 /* Products */ = {
			isa = PBXGroup;
			children = (
				F422FF77206BC72300E19703 /* uniqlo.app */,
			);
			name = Products;
			sourceTree = "<group>";
		};
		F422FF79206BC72300E19703 /* uniqlo */ = {
			isa = PBXGroup;
			children = (
				F422FF7A206BC72300E19703 /* AppDelegate.swift */,
				F422FF7C206BC72300E19703 /* ViewController.swift */,
				F422FF7E206BC72300E19703 /* Main.storyboard */,
				F422FF8C206BD32300E19703 /* uniqloViewController.swift */,
				F422FF81206BC72300E19703 /* Assets.xcassets */,
				F422FF83206BC72300E19703 /* LaunchScreen.storyboard */,
				F422FF86206BC72300E19703 /* Info.plist */,
			);
			path = uniqlo;
			sourceTree = "<group>";
		};
/* End PBXGroup section */

/* Begin PBXNativeTarget section */
		F422FF76206BC72300E19703 /* uniqlo */ = {
			isa = PBXNativeTarget;
			buildConfigurationList = F422FF89206BC72300E19703 /* Build configuration list for PBXNativeTarget "uniqlo" */;
			buildPhases = (
				F422FF73206BC72300E19703 /* Sources */,
				F422FF74206BC72300E19703 /* Frameworks */,
				F422FF75206BC72300E19703 /* Resources */,
			);
			buildRules = (
			);
			dependencies = (
			);
			name = uniqlo;
			productName = uniqlo;
			productReference = F422FF77206BC72300E19703 /* uniqlo.app */;
			productType = "com.apple.product-type.application";
		};
/* End PBXNativeTarget section */

/* Begin PBXProject section */
		F422FF6F206BC72200E19703 /* Project object */ = {
			isa = PBXProject;
			attributes = {
				LastSwiftUpdateCheck = 0920;
				LastUpgradeCheck = 0920;
				ORGANIZATIONNAME = Simon;
				TargetAttributes = {
					F422FF76206BC72300E19703 = {
						CreatedOnToolsVersion = 9.2;
						ProvisioningStyle = Automatic;
					};
				};
			};
			buildConfigurationList = F422FF72206BC72200E19703 /* Build configuration list for PBXProject "uniqlo" */;
			compatibilityVersion = "Xcode 8.0";
			developmentRegion = en;
			hasScannedForEncodings = 0;
			knownRegions = (
				en,
				Base,
			);
			mainGroup = F422FF6E206BC72200E19703;
			productRefGroup = F422FF78206BC72300E19703 /* Products */;
			projectDirPath = "";
			projectRoot = "";
			targets = (
				F422FF76206BC72300E19703 /* uniqlo */,
			);
		};
/* End PBXProject section */

/* Begin PBXResourcesBuildPhase section */
		F422FF75206BC72300E19703 /* Resources */ = {
			isa = PBXResourcesBuildPhase;
			buildActionMask = 2147483647;
			files = (
				F422FF85206BC72300E19703 /* LaunchScreen.storyboard in Resources */,
				F422FF82206BC72300E19703 /* Assets.xcassets in Resources */,
				F422FF80206BC72300E19703 /* Main.storyboard in Resources */,
			);
			runOnlyForDeploymentPostprocessing = 0;
		};
/* End PBXResourcesBuildPhase section */

/* Begin PBXSourcesBuildPhase section */
		F422FF73206BC72300E19703 /* Sources */ = {
			isa = PBXSourcesBuildPhase;
			buildActionMask = 2147483647;
			files = (
				F422FF7D206BC72300E19703 /* ViewController.swift in Sources */,
				F422FF7B206BC72300E19703 /* AppDelegate.swift in Sources */,
				F422FF8D206BD32300E19703 /* uniqloViewController.swift in Sources */,
			);
			runOnlyForDeploymentPostprocessing = 0;
		};
/* End PBXSourcesBuildPhase section */

/* Begin PBXVariantGroup section */
		F422FF7E206BC72300E19703 /* Main.storyboard */ = {
			isa = PBXVariantGroup;
			children = (
				F422FF7F206BC72300E19703 /* Base */,
			);
			name = Main.storyboard;
			sourceTree = "<group>";
		};
		F422FF83206BC72300E19703 /* LaunchScreen.storyboard */ = {
			isa = PBXVariantGroup;
			children = (
				F422FF84206BC72300E19703 /* Base */,
			);
			name = LaunchScreen.storyboard;
			sourceTree = "<group>";
		};
/* End PBXVariantGroup section */

/* Begin XCBuildConfiguration section */
		F422FF87206BC72300E19703 /* Debug */ = {
			isa = XCBuildConfiguration;
			buildSettings = {
				ALWAYS_SEARCH_USER_PATHS = NO;
				CLANG_ANALYZER_NONNULL = YES;
				CLANG_ANALYZER_NUMBER_OBJECT_CONVERSION = YES_AGGRESSIVE;
				CLANG_CXX_LANGUAGE_STANDARD = "gnu++14";
				CLANG_CXX_LIBRARY = "libc++";
				CLANG_ENABLE_MODULES = YES;
				CLANG_ENABLE_OBJC_ARC = YES;
				CLANG_WARN_BLOCK_CAPTURE_AUTORELEASING = YES;
				CLANG_WARN_BOOL_CONVERSION = YES;
				CLANG_WARN_COMMA = YES;
				CLANG_WARN_CONSTANT_CONVERSION = YES;
				CLANG_WARN_DIRECT_OBJC_ISA_USAGE = YES_ERROR;
				CLANG_WARN_DOCUMENTATION_COMMENTS = YES;
				CLANG_WARN_EMPTY_BODY = YES;
				CLANG_WARN_ENUM_CONVERSION = YES;
				CLANG_WARN_INFINITE_RECURSION = YES;
				CLANG_WARN_INT_CONVERSION = YES;
				CLANG_WARN_NON_LITERAL_NULL_CONVERSION = YES;
				CLANG_WARN_OBJC_LITERAL_CONVERSION = YES;
				CLANG_WARN_OBJC_ROOT_CLASS = YES_ERROR;
				CLANG_WARN_RANGE_LOOP_ANALYSIS = YES;
				CLANG_WARN_STRICT_PROTOTYPES = YES;
				CLANG_WARN_SUSPICIOUS_MOVE = YES;
				CLANG_WARN_UNGUARDED_AVAILABILITY = YES_AGGRESSIVE;
				CLANG_WARN_UNREACHABLE_CODE = YES;
				CLANG_WARN__DUPLICATE_METHOD_MATCH = YES;
				CODE_SIGN_IDENTITY = "iPhone Developer";
				COPY_PHASE_STRIP = NO;
				DEBUG_INFORMATION_FORMAT = dwarf;
				ENABLE_STRICT_OBJC_MSGSEND = YES;
				ENABLE_TESTABILITY = YES;
				GCC_C_LANGUAGE_STANDARD = gnu11;
				GCC_DYNAMIC_NO_PIC = NO;
				GCC_NO_COMMON_BLOCKS = YES;
				GCC_OPTIMIZATION_LEVEL = 0;
				GCC_PREPROCESSOR_DEFINITIONS = (
					"DEBUG=1",
					"$(inherited)",
				);
				GCC_WARN_64_TO_32_BIT_CONVERSION = YES;
				GCC_WARN_ABOUT_RETURN_TYPE = YES_ERROR;
				GCC_WARN_UNDECLARED_SELECTOR = YES;
				GCC_WARN_UNINITIALIZED_AUTOS = YES_AGGRESSIVE;
				GCC_WARN_UNUSED_FUNCTION = YES;
				GCC_WARN_UNUSED_VARIABLE = YES;
				IPHONEOS_DEPLOYMENT_TARGET = 11.2;
				MTL_ENABLE_DEBUG_INFO = YES;
				ONLY_ACTIVE_ARCH = YES;
				SDKROOT = iphoneos;
				SWIFT_ACTIVE_COMPILATION_CONDITIONS = DEBUG;
				SWIFT_OPTIMIZATION_LEVEL = "-Onone";
			};
			name = Debug;
		};
		F422FF88206BC72300E19703 /* Release */ = {
			isa = XCBuildConfiguration;
			buildSettings = {
				ALWAYS_SEARCH_USER_PATHS = NO;
				CLANG_ANALYZER_NONNULL = YES;
				CLANG_ANALYZER_NUMBER_OBJECT_CONVERSION = YES_AGGRESSIVE;
				CLANG_CXX_LANGUAGE_STANDARD = "gnu++14";
				CLANG_CXX_LIBRARY = "libc++";
				CLANG_ENABLE_MODULES = YES;
				CLANG_ENABLE_OBJC_ARC = YES;
				CLANG_WARN_BLOCK_CAPTURE_AUTORELEASING = YES;
				CLANG_WARN_BOOL_CONVERSION = YES;
				CLANG_WARN_COMMA = YES;
				CLANG_WARN_CONSTANT_CONVERSION = YES;
				CLANG_WARN_DIRECT_OBJC_ISA_USAGE = YES_ERROR;
				CLANG_WARN_DOCUMENTATION_COMMENTS = YES;
				CLANG_WARN_EMPTY_BODY = YES;
				CLANG_WARN_ENUM_CONVERSION = YES;
				CLANG_WARN_INFINITE_RECURSION = YES;
				CLANG_WARN_INT_CONVERSION = YES;
				CLANG_WARN_NON_LITERAL_NULL_CONVERSION = YES;
				CLANG_WARN_OBJC_LITERAL_CONVERSION = YES;
				CLANG_WARN_OBJC_ROOT_CLASS = YES_ERROR;
				CLANG_WARN_RANGE_LOOP_ANALYSIS = YES;
				CLANG_WARN_STRICT_PROTOTYPES = YES;
				CLANG_WARN_SUSPICIOUS_MOVE = YES;
				CLANG_WARN_UNGUARDED_AVAILABILITY = YES_AGGRESSIVE;
				CLANG_WARN_UNREACHABLE_CODE = YES;
				CLANG_WARN__DUPLICATE_METHOD_MATCH = YES;
				CODE_SIGN_IDENTITY = "iPhone Developer";
				COPY_PHASE_STRIP = NO;
				DEBUG_INFORMATION_FORMAT = "dwarf-with-dsym";
				ENABLE_NS_ASSERTIONS = NO;
				ENABLE_STRICT_OBJC_MSGSEND = YES;
				GCC_C_LANGUAGE_STANDARD = gnu11;
				GCC_NO_COMMON_BLOCKS = YES;
				GCC_WARN_64_TO_32_BIT_CONVERSION = YES;
				GCC_WARN_ABOUT_RETURN_TYPE = YES_ERROR;
				GCC_WARN_UNDECLARED_SELECTOR = YES;
				GCC_WARN_UNINITIALIZED_AUTOS = YES_AGGRESSIVE;
				GCC_WARN_UNUSED_FUNCTION = YES;
				GCC_WARN_UNUSED_VARIABLE = YES;
				IPHONEOS_DEPLOYMENT_TARGET = 11.2;
				MTL_ENABLE_DEBUG_INFO = NO;
				SDKROOT = iphoneos;
				SWIFT_OPTIMIZATION_LEVEL = "-Owholemodule";
				VALIDATE_PRODUCT = YES;
			};
			name = Release;
		};
		F422FF8A206BC72300E19703 /* Debug */ = {
			isa = XCBuildConfiguration;
			buildSettings = {
				ASSETCATALOG_COMPILER_APPICON_NAME = AppIcon;
				CODE_SIGN_STYLE = Automatic;
				DEVELOPMENT_TEAM = VJR6R85KA7;
				INFOPLIST_FILE = uniqlo/Info.plist;
				LD_RUNPATH_SEARCH_PATHS = "$(inherited) @executable_path/Frameworks";
				PRODUCT_BUNDLE_IDENTIFIER = com.self.uniqlo;
				PRODUCT_NAME = "$(TARGET_NAME)";
				SWIFT_VERSION = 4.0;
				TARGETED_DEVICE_FAMILY = "1,2";
			};
			name = Debug;
		};
		F422FF8B206BC72300E19703 /* Release */ = {
			isa = XCBuildConfiguration;
			buildSettings = {
				ASSETCATALOG_COMPILER_APPICON_NAME = AppIcon;
				CODE_SIGN_STYLE = Automatic;
				DEVELOPMENT_TEAM = VJR6R85KA7;
				INFOPLIST_FILE = uniqlo/Info.plist;
				LD_RUNPATH_SEARCH_PATHS = "$(inherited) @executable_path/Frameworks";
				PRODUCT_BUNDLE_IDENTIFIER = com.self.uniqlo;
				PRODUCT_NAME = "$(TARGET_NAME)";
				SWIFT_VERSION = 4.0;
				TARGETED_DEVICE_FAMILY = "1,2";
			};
			name = Release;
		};
/* End XCBuildConfiguration section */

/* Begin XCConfigurationList section */
		F422FF72206BC72200E19703 /* Build configuration list for PBXProject "uniqlo" */ = {
			isa = XCConfigurationList;
			buildConfigurations = (
				F422FF87206BC72300E19703 /* Debug */,
				F422FF88206BC72300E19703 /* Release */,
			);
			defaultConfigurationIsVisible = 0;
			defaultConfigurationName = Release;
		};
		F422FF89206BC72300E19703 /* Build configuration list for PBXNativeTarget "uniqlo" */ = {
			isa = XCConfigurationList;
			buildConfigurations = (
				F422FF8A206BC72300E19703 /* Debug */,
				F422FF8B206BC72300E19703 /* Release */,
			);
			defaultConfigurationIsVisible = 0;
			defaultConfigurationName = Release;
		};
/* End XCConfigurationList section */
	};
	rootObject = F422FF6F206BC72200E19703 /* Project object */;
}
